
Microsoft Visual Studio Solution File, Format Version 12.00
# Visual Studio 14
VisualStudioVersion = 14.0.25420.1
MinimumVisualStudioVersion = 10.0.40219.1
Project("{FAE04EC0-301F-11D3-BF4B-00C04F79EFBC}") = "TCPIllinoisTest", "TCPIllinoisTest\TCPIllinoisTest.csproj", "{7BA96D6D-8334-42FE-97BF-2E4B56749DA7}"
EndProject
Project("{FAE04EC0-301F-11D3-BF4B-00C04F79EFBC}") = "TCPIllinoisAgent", "TCPIllinoisAgent\TCPIllinoisAgent.csproj", "{9C98482A-F20D-492D-B596-3593117088A0}"
EndProject
Global
	GlobalSection(SolutionConfigurationPlatforms) = preSolution
		Debug|Any CPU = Debug|Any CPU
		Release|Any CPU = Release|Any CPU
	EndGlobalSection
	GlobalSection(ProjectConfigurationPlatforms) = postSolution
		{7BA96D6D-8334-42FE-97BF-2E4B56749DA7}.Debug|Any CPU.ActiveCfg = Debug|Any CPU
		{7BA96D6D-8334-42FE-97BF-2E4B56749DA7}.Debug|Any CPU.Build.0 = Debug|Any CPU
		{7BA96D6D-8334-42FE-97BF-2E4B56749DA7}.Release|Any CPU.ActiveCfg = Release|Any CPU
		{7BA96D6D-8334-42FE-97BF-2E4B56749DA7}.Release|Any CPU.Build.0 = Release|Any CPU
		{9C98482A-F20D-492D-B596-3593117088A0}.Debug|Any CPU.ActiveCfg = Debug|Any CPU
		{9C98482A-F20D-492D-B596-3593117088A0}.Debug|Any CPU.Build.0 = Debug|Any CPU
		{9C98482A-F20D-492D-B596-3593117088A0}.Release|Any CPU.ActiveCfg = Release|Any CPU
		{9C98482A-F20D-492D-B596-3593117088A0}.Release|Any CPU.Build.0 = Release|Any CPU
	EndGlobalSection
	GlobalSection(SolutionProperties) = preSolution
		HideSolutionNode = FALSE
	EndGlobalSection
EndGlobal
