
Microsoft Visual Studio Solution File, Format Version 12.00
# Visual Studio 14
VisualStudioVersion = 14.0.25420.1
MinimumVisualStudioVersion = 10.0.40219.1
Project("{FAE04EC0-301F-11D3-BF4B-00C04F79EFBC}") = "CMCHelperClasses", "..\CMCTools\CMCClasses\CMCHelperClasses.csproj", "{5B5A0EDA-1870-438C-8C3D-7F163C56DEC1}"
EndProject
Project("{FAE04EC0-301F-11D3-BF4B-00C04F79EFBC}") = "SystemCPObs", "..\CMCTools\SystemCPObs\SystemCPObs.csproj", "{72FFD5F9-3533-4530-A7E9-7BB5BCC23978}"
EndProject
Project("{FAE04EC0-301F-11D3-BF4B-00C04F79EFBC}") = "CMCToolsTest", "CMCToolsTest\CMCToolsTest.csproj", "{BCDEE0D5-F110-4A66-9902-7D980B689BB7}"
EndProject
Project("{888888A0-9F3D-457C-B088-3A5042F75D52}") = "OutputParserScripts", "OutputParserScripts\OutputParserScripts.pyproj", "{212AC384-4C11-4F81-AEBF-A26404881D3F}"
EndProject
Project("{FAE04EC0-301F-11D3-BF4B-00C04F79EFBC}") = "TransmitterModel", "TransmitterModel\TransmitterModel.csproj", "{8FBACCB6-9674-406E-ACAD-9372DE881643}"
EndProject
Global
	GlobalSection(SolutionConfigurationPlatforms) = preSolution
		Debug|Any CPU = Debug|Any CPU
		Release|Any CPU = Release|Any CPU
	EndGlobalSection
	GlobalSection(ProjectConfigurationPlatforms) = postSolution
		{5B5A0EDA-1870-438C-8C3D-7F163C56DEC1}.Debug|Any CPU.ActiveCfg = Debug|Any CPU
		{5B5A0EDA-1870-438C-8C3D-7F163C56DEC1}.Debug|Any CPU.Build.0 = Debug|Any CPU
		{5B5A0EDA-1870-438C-8C3D-7F163C56DEC1}.Release|Any CPU.ActiveCfg = Release|Any CPU
		{5B5A0EDA-1870-438C-8C3D-7F163C56DEC1}.Release|Any CPU.Build.0 = Release|Any CPU
		{72FFD5F9-3533-4530-A7E9-7BB5BCC23978}.Debug|Any CPU.ActiveCfg = Debug|Any CPU
		{72FFD5F9-3533-4530-A7E9-7BB5BCC23978}.Debug|Any CPU.Build.0 = Debug|Any CPU
		{72FFD5F9-3533-4530-A7E9-7BB5BCC23978}.Release|Any CPU.ActiveCfg = Release|Any CPU
		{72FFD5F9-3533-4530-A7E9-7BB5BCC23978}.Release|Any CPU.Build.0 = Release|Any CPU
		{BCDEE0D5-F110-4A66-9902-7D980B689BB7}.Debug|Any CPU.ActiveCfg = Debug|Any CPU
		{BCDEE0D5-F110-4A66-9902-7D980B689BB7}.Debug|Any CPU.Build.0 = Debug|Any CPU
		{BCDEE0D5-F110-4A66-9902-7D980B689BB7}.Release|Any CPU.ActiveCfg = Release|Any CPU
		{BCDEE0D5-F110-4A66-9902-7D980B689BB7}.Release|Any CPU.Build.0 = Release|Any CPU
		{212AC384-4C11-4F81-AEBF-A26404881D3F}.Debug|Any CPU.ActiveCfg = Debug|Any CPU
		{212AC384-4C11-4F81-AEBF-A26404881D3F}.Release|Any CPU.ActiveCfg = Release|Any CPU
		{8FBACCB6-9674-406E-ACAD-9372DE881643}.Debug|Any CPU.ActiveCfg = Debug|Any CPU
		{8FBACCB6-9674-406E-ACAD-9372DE881643}.Debug|Any CPU.Build.0 = Debug|Any CPU
		{8FBACCB6-9674-406E-ACAD-9372DE881643}.Release|Any CPU.ActiveCfg = Release|Any CPU
		{8FBACCB6-9674-406E-ACAD-9372DE881643}.Release|Any CPU.Build.0 = Release|Any CPU
	EndGlobalSection
	GlobalSection(SolutionProperties) = preSolution
		HideSolutionNode = FALSE
	EndGlobalSection
EndGlobal
