
Microsoft Visual Studio Solution File, Format Version 12.00
# Visual Studio 15
VisualStudioVersion = 15.0.26430.12
MinimumVisualStudioVersion = 10.0.40219.1
Project("{FAE04EC0-301F-11D3-BF4B-00C04F79EFBC}") = "CMCHelperClasses", "CMCClasses\CMCHelperClasses.csproj", "{5B5A0EDA-1870-438C-8C3D-7F163C56DEC1}"
EndProject
Project("{FAE04EC0-301F-11D3-BF4B-00C04F79EFBC}") = "SystemCPObs", "SystemCPObs\SystemCPObs.csproj", "{72FFD5F9-3533-4530-A7E9-7BB5BCC23978}"
EndProject
Project("{FAE04EC0-301F-11D3-BF4B-00C04F79EFBC}") = "SystemJointObs", "SystemJointObs\SystemJointObs.csproj", "{647A91CC-EC3B-4A5A-941B-E2D1F3F9B84F}"
EndProject
Global
	GlobalSection(SolutionConfigurationPlatforms) = preSolution
		Debug|Any CPU = Debug|Any CPU
		Release|Any CPU = Release|Any CPU
	EndGlobalSection
	GlobalSection(ProjectConfigurationPlatforms) = postSolution
		{5B5A0EDA-1870-438C-8C3D-7F163C56DEC1}.Debug|Any CPU.ActiveCfg = Debug|Any CPU
		{5B5A0EDA-1870-438C-8C3D-7F163C56DEC1}.Debug|Any CPU.Build.0 = Debug|Any CPU
		{5B5A0EDA-1870-438C-8C3D-7F163C56DEC1}.Release|Any CPU.ActiveCfg = Release|Any CPU
		{5B5A0EDA-1870-438C-8C3D-7F163C56DEC1}.Release|Any CPU.Build.0 = Release|Any CPU
		{72FFD5F9-3533-4530-A7E9-7BB5BCC23978}.Debug|Any CPU.ActiveCfg = Debug|Any CPU
		{72FFD5F9-3533-4530-A7E9-7BB5BCC23978}.Debug|Any CPU.Build.0 = Debug|Any CPU
		{72FFD5F9-3533-4530-A7E9-7BB5BCC23978}.Release|Any CPU.ActiveCfg = Release|Any CPU
		{72FFD5F9-3533-4530-A7E9-7BB5BCC23978}.Release|Any CPU.Build.0 = Release|Any CPU
		{647A91CC-EC3B-4A5A-941B-E2D1F3F9B84F}.Debug|Any CPU.ActiveCfg = Debug|Any CPU
		{647A91CC-EC3B-4A5A-941B-E2D1F3F9B84F}.Debug|Any CPU.Build.0 = Debug|Any CPU
		{647A91CC-EC3B-4A5A-941B-E2D1F3F9B84F}.Release|Any CPU.ActiveCfg = Release|Any CPU
		{647A91CC-EC3B-4A5A-941B-E2D1F3F9B84F}.Release|Any CPU.Build.0 = Release|Any CPU
	EndGlobalSection
	GlobalSection(SolutionProperties) = preSolution
		HideSolutionNode = FALSE
	EndGlobalSection
EndGlobal
